
Microsoft Visual Studio Solution File, Format Version 12.00
# Visual Studio Version 17
VisualStudioVersion = 17.14.36203.30 d17.14
MinimumVisualStudioVersion = 10.0.40219.1
Project("{FAE04EC0-301F-11D3-BF4B-00C04F79EFBC}") = "envolti.api.order.written.driving", "envolti.api.order.written.driving\envolti.api.order.written.driving.csproj", "{108E3AA6-A1CC-5BB2-2DEF-974115FA5978}"
EndProject
Global
	GlobalSection(SolutionConfigurationPlatforms) = preSolution
		Debug|Any CPU = Debug|Any CPU
		Release|Any CPU = Release|Any CPU
	EndGlobalSection
	GlobalSection(ProjectConfigurationPlatforms) = postSolution
		{108E3AA6-A1CC-5BB2-2DEF-974115FA5978}.Debug|Any CPU.ActiveCfg = Debug|Any CPU
		{108E3AA6-A1CC-5BB2-2DEF-974115FA5978}.Debug|Any CPU.Build.0 = Debug|Any CPU
		{108E3AA6-A1CC-5BB2-2DEF-974115FA5978}.Release|Any CPU.ActiveCfg = Release|Any CPU
		{108E3AA6-A1CC-5BB2-2DEF-974115FA5978}.Release|Any CPU.Build.0 = Release|Any CPU
	EndGlobalSection
	GlobalSection(SolutionProperties) = preSolution
		HideSolutionNode = FALSE
	EndGlobalSection
	GlobalSection(ExtensibilityGlobals) = postSolution
		SolutionGuid = {D229B101-D84F-47B9-89EE-4F43E477FB6D}
	EndGlobalSection
EndGlobal
